// !$*UTF8*$!
{
	archiveVersion = 1;
	classes = {
	};
	objectVersion = 46;
	objects = {

/* Begin PBXBuildFile section */
		3C6842C0C739F798BC8E6145 /* libPods-RealTimeLocationTracking.a in Frameworks */ = {isa = PBXBuildFile; fileRef = 098DEAB2FADCB3544492EB9E /* libPods-RealTimeLocationTracking.a */; };
		5D4D78A81EDFE44A005E4F39 /* GlobalViewController.m in Sources */ = {isa = PBXBuildFile; fileRef = 5D4D78A71EDFE44A005E4F39 /* GlobalViewController.m */; };
		5D4D78BC1EDFEE9E005E4F39 /* UIImage+ImageEffects.m in Sources */ = {isa = PBXBuildFile; fileRef = 5D4D78AC1EDFEE9E005E4F39 /* UIImage+ImageEffects.m */; };
		5D4D78BD1EDFEE9E005E4F39 /* SCLAlertView.m in Sources */ = {isa = PBXBuildFile; fileRef = 5D4D78AE1EDFEE9E005E4F39 /* SCLAlertView.m */; };
		5D4D78BE1EDFEE9E005E4F39 /* SCLButton.m in Sources */ = {isa = PBXBuildFile; fileRef = 5D4D78B01EDFEE9E005E4F39 /* SCLButton.m */; };
		5D4D78BF1EDFEE9E005E4F39 /* SCLAlertViewResponder.m in Sources */ = {isa = PBXBuildFile; fileRef = 5D4D78B21EDFEE9E005E4F39 /* SCLAlertViewResponder.m */; };
		5D4D78C01EDFEE9E005E4F39 /* SCLAlertViewStyleKit.m in Sources */ = {isa = PBXBuildFile; fileRef = 5D4D78B41EDFEE9E005E4F39 /* SCLAlertViewStyleKit.m */; };
		5D4D78C11EDFEE9E005E4F39 /* SCLTimerDisplay.m in Sources */ = {isa = PBXBuildFile; fileRef = 5D4D78B71EDFEE9E005E4F39 /* SCLTimerDisplay.m */; };
		5D4D78C21EDFEE9E005E4F39 /* SCLTextView.m in Sources */ = {isa = PBXBuildFile; fileRef = 5D4D78B91EDFEE9E005E4F39 /* SCLTextView.m */; };
		5D4D78C31EDFEE9E005E4F39 /* SCLSwitchView.m in Sources */ = {isa = PBXBuildFile; fileRef = 5D4D78BB1EDFEE9E005E4F39 /* SCLSwitchView.m */; };
		5D5A0AB31E83F127009DBCD3 /* LoginViewController.m in Sources */ = {isa = PBXBuildFile; fileRef = 5D5A0AB21E83F127009DBCD3 /* LoginViewController.m */; };
		5D65183C1EB73E2700FF1055 /* MenuViewController.m in Sources */ = {isa = PBXBuildFile; fileRef = 5D65183B1EB73E2700FF1055 /* MenuViewController.m */; };
		5D6905091EAF303700E9269F /* TrackDetailModel.m in Sources */ = {isa = PBXBuildFile; fileRef = 5D6905081EAF303700E9269F /* TrackDetailModel.m */; };
		5D7FC8541EDFD27C001ED018 /* SidebarViewController.m in Sources */ = {isa = PBXBuildFile; fileRef = 5D7FC8531EDFD27C001ED018 /* SidebarViewController.m */; };
		5D7FC8581EDFD858001ED018 /* SWRevealViewController.m in Sources */ = {isa = PBXBuildFile; fileRef = 5D7FC8571EDFD858001ED018 /* SWRevealViewController.m */; };
		5D8123181E5563A90094DDB3 /* SelectPlaceViewController.m in Sources */ = {isa = PBXBuildFile; fileRef = 5D8123151E5563A90094DDB3 /* SelectPlaceViewController.m */; };
		5D8123191E5563A90094DDB3 /* SelectPlacesViewCell.m in Sources */ = {isa = PBXBuildFile; fileRef = 5D8123171E5563A90094DDB3 /* SelectPlacesViewCell.m */; };
		5D8884F31E84F7A30094B92A /* BSKeyboardControls.m in Sources */ = {isa = PBXBuildFile; fileRef = 5D8884F21E84F7A30094B92A /* BSKeyboardControls.m */; };
		5D90B7F21E54583500F14797 /* Internet.m in Sources */ = {isa = PBXBuildFile; fileRef = 5D90B7F11E54583500F14797 /* Internet.m */; };
		5D90B7F51E5459E200F14797 /* Reachability.m in Sources */ = {isa = PBXBuildFile; fileRef = 5D90B7F41E5459E200F14797 /* Reachability.m */; settings = {COMPILER_FLAGS = "-fno-objc-arc"; }; };
		5D9147C21E5D9D6F00B24F17 /* StreetMapView.m in Sources */ = {isa = PBXBuildFile; fileRef = 5D9147C11E5D9D6F00B24F17 /* StreetMapView.m */; };
		5D9147C61E5DAB3700B24F17 /* DirectionPathViewController.m in Sources */ = {isa = PBXBuildFile; fileRef = 5D9147C51E5DAB3700B24F17 /* DirectionPathViewController.m */; };
		5D9295491EC475B700EC3873 /* ARCarMovement.m in Sources */ = {isa = PBXBuildFile; fileRef = 5D9295481EC475B700EC3873 /* ARCarMovement.m */; };
		5D958B301E5EE5E700587104 /* UITextField+Validations.m in Sources */ = {isa = PBXBuildFile; fileRef = 5D958B2F1E5EE5E700587104 /* UITextField+Validations.m */; };
		5D976F571EA71AAC00D98FD0 /* TrackService.m in Sources */ = {isa = PBXBuildFile; fileRef = 5D976F561EA71AAC00D98FD0 /* TrackService.m */; };
		5D9A40E11E5C00AD003F5517 /* GoogleMapView.m in Sources */ = {isa = PBXBuildFile; fileRef = 5D9A40E01E5C00AD003F5517 /* GoogleMapView.m */; };
		5D9D287C1E8A2F95007F03E4 /* Webservice.m in Sources */ = {isa = PBXBuildFile; fileRef = 5D9D287B1E8A2F95007F03E4 /* Webservice.m */; };
		5D9D28811E8A3B8C007F03E4 /* UserService.m in Sources */ = {isa = PBXBuildFile; fileRef = 5D9D28801E8A3B8C007F03E4 /* UserService.m */; };
		5D9E47D81E5AB64F006949A9 /* MapViewController.m in Sources */ = {isa = PBXBuildFile; fileRef = 5D9E47D71E5AB64F006949A9 /* MapViewController.m */; };
		5D9E47DB1E5AFDB2006949A9 /* LocationObject.m in Sources */ = {isa = PBXBuildFile; fileRef = 5D9E47DA1E5AFDB2006949A9 /* LocationObject.m */; };
		5DA1FDE71E52DED10076B880 /* UserDefaultManager.m in Sources */ = {isa = PBXBuildFile; fileRef = 5DA1FDE61E52DED10076B880 /* UserDefaultManager.m */; };
		5DA1FDEB1E52DEEC0076B880 /* NullValueChecker.m in Sources */ = {isa = PBXBuildFile; fileRef = 5DA1FDEA1E52DEEC0076B880 /* NullValueChecker.m */; };
		5DA1FDF81E52E2780076B880 /* MMMaterialDesignSpinner.m in Sources */ = {isa = PBXBuildFile; fileRef = 5DA1FDF71E52E2780076B880 /* MMMaterialDesignSpinner.m */; };
		5DA1FE031E52FCBF0076B880 /* libsqlite3.tbd in Frameworks */ = {isa = PBXBuildFile; fileRef = 5DA1FE021E52FCBF0076B880 /* libsqlite3.tbd */; };
		5DA1FE051E52FCC60076B880 /* CoreLocation.framework in Frameworks */ = {isa = PBXBuildFile; fileRef = 5DA1FE041E52FCC60076B880 /* CoreLocation.framework */; };
		5DA1FE0D1E531D500076B880 /* DemoViewController.m in Sources */ = {isa = PBXBuildFile; fileRef = 5DA1FE0C1E531D500076B880 /* DemoViewController.m */; };
		5DA1FE131E5326D40076B880 /* MyDatabase.m in Sources */ = {isa = PBXBuildFile; fileRef = 5DA1FE121E5326D40076B880 /* MyDatabase.m */; };
		5DA8D3541EB990EF00D94854 /* PathTrackingViewController.m in Sources */ = {isa = PBXBuildFile; fileRef = 5DA8D3531EB990EF00D94854 /* PathTrackingViewController.m */; };
		5DB9DE3E1E69215F009CBEDC /* RealTimeTrackViewController.m in Sources */ = {isa = PBXBuildFile; fileRef = 5DB9DE3D1E69215F009CBEDC /* RealTimeTrackViewController.m */; };
		5DBAAD271EBC4F5300A4E48A /* LocationTracking.sqlite in Resources */ = {isa = PBXBuildFile; fileRef = 5DBAAD261EBC4F5300A4E48A /* LocationTracking.sqlite */; };
		5DD2A79E1EC1C35700DA5A97 /* TrackLocationDetailModel.m in Sources */ = {isa = PBXBuildFile; fileRef = 5DD2A79D1EC1C35700DA5A97 /* TrackLocationDetailModel.m */; };
		B782B71B1E52B9F400BA08B2 /* main.m in Sources */ = {isa = PBXBuildFile; fileRef = B782B71A1E52B9F400BA08B2 /* main.m */; };
		B782B71E1E52B9F400BA08B2 /* AppDelegate.m in Sources */ = {isa = PBXBuildFile; fileRef = B782B71D1E52B9F400BA08B2 /* AppDelegate.m */; };
		B782B7241E52B9F400BA08B2 /* Main.storyboard in Resources */ = {isa = PBXBuildFile; fileRef = B782B7221E52B9F400BA08B2 /* Main.storyboard */; };
		B782B7261E52B9F400BA08B2 /* Assets.xcassets in Resources */ = {isa = PBXBuildFile; fileRef = B782B7251E52B9F400BA08B2 /* Assets.xcassets */; };
		B782B7291E52B9F400BA08B2 /* LaunchScreen.storyboard in Resources */ = {isa = PBXBuildFile; fileRef = B782B7271E52B9F400BA08B2 /* LaunchScreen.storyboard */; };
/* End PBXBuildFile section */

/* Begin PBXFileReference section */
		07BE8AC3B1643291B4F2075E /* Pods-RealTimeLocationTracking.debug.xcconfig */ = {isa = PBXFileReference; includeInIndex = 1; lastKnownFileType = text.xcconfig; name = "Pods-RealTimeLocationTracking.debug.xcconfig"; path = "Pods/Target Support Files/Pods-RealTimeLocationTracking/Pods-RealTimeLocationTracking.debug.xcconfig"; sourceTree = "<group>"; };
		098DEAB2FADCB3544492EB9E /* libPods-RealTimeLocationTracking.a */ = {isa = PBXFileReference; explicitFileType = archive.ar; includeInIndex = 0; path = "libPods-RealTimeLocationTracking.a"; sourceTree = BUILT_PRODUCTS_DIR; };
		5D4D78A61EDFE44A005E4F39 /* GlobalViewController.h */ = {isa = PBXFileReference; fileEncoding = 4; lastKnownFileType = sourcecode.c.h; path = GlobalViewController.h; sourceTree = "<group>"; };
		5D4D78A71EDFE44A005E4F39 /* GlobalViewController.m */ = {isa = PBXFileReference; fileEncoding = 4; lastKnownFileType = sourcecode.c.objc; path = GlobalViewController.m; sourceTree = "<group>"; };
		5D4D78AB1EDFEE9E005E4F39 /* UIImage+ImageEffects.h */ = {isa = PBXFileReference; fileEncoding = 4; lastKnownFileType = sourcecode.c.h; path = "UIImage+ImageEffects.h"; sourceTree = "<group>"; };
		5D4D78AC1EDFEE9E005E4F39 /* UIImage+ImageEffects.m */ = {isa = PBXFileReference; fileEncoding = 4; lastKnownFileType = sourcecode.c.objc; path = "UIImage+ImageEffects.m"; sourceTree = "<group>"; };
		5D4D78AD1EDFEE9E005E4F39 /* SCLAlertView.h */ = {isa = PBXFileReference; fileEncoding = 4; lastKnownFileType = sourcecode.c.h; path = SCLAlertView.h; sourceTree = "<group>"; };
		5D4D78AE1EDFEE9E005E4F39 /* SCLAlertView.m */ = {isa = PBXFileReference; fileEncoding = 4; lastKnownFileType = sourcecode.c.objc; path = SCLAlertView.m; sourceTree = "<group>"; };
		5D4D78AF1EDFEE9E005E4F39 /* SCLButton.h */ = {isa = PBXFileReference; fileEncoding = 4; lastKnownFileType = sourcecode.c.h; path = SCLButton.h; sourceTree = "<group>"; };
		5D4D78B01EDFEE9E005E4F39 /* SCLButton.m */ = {isa = PBXFileReference; fileEncoding = 4; lastKnownFileType = sourcecode.c.objc; path = SCLButton.m; sourceTree = "<group>"; };
		5D4D78B11EDFEE9E005E4F39 /* SCLAlertViewResponder.h */ = {isa = PBXFileReference; fileEncoding = 4; lastKnownFileType = sourcecode.c.h; path = SCLAlertViewResponder.h; sourceTree = "<group>"; };
		5D4D78B21EDFEE9E005E4F39 /* SCLAlertViewResponder.m */ = {isa = PBXFileReference; fileEncoding = 4; lastKnownFileType = sourcecode.c.objc; path = SCLAlertViewResponder.m; sourceTree = "<group>"; };
		5D4D78B31EDFEE9E005E4F39 /* SCLAlertViewStyleKit.h */ = {isa = PBXFileReference; fileEncoding = 4; lastKnownFileType = sourcecode.c.h; path = SCLAlertViewStyleKit.h; sourceTree = "<group>"; };
		5D4D78B41EDFEE9E005E4F39 /* SCLAlertViewStyleKit.m */ = {isa = PBXFileReference; fileEncoding = 4; lastKnownFileType = sourcecode.c.objc; path = SCLAlertViewStyleKit.m; sourceTree = "<group>"; };
		5D4D78B51EDFEE9E005E4F39 /* SCLMacros.h */ = {isa = PBXFileReference; fileEncoding = 4; lastKnownFileType = sourcecode.c.h; path = SCLMacros.h; sourceTree = "<group>"; };
		5D4D78B61EDFEE9E005E4F39 /* SCLTimerDisplay.h */ = {isa = PBXFileReference; fileEncoding = 4; lastKnownFileType = sourcecode.c.h; path = SCLTimerDisplay.h; sourceTree = "<group>"; };
		5D4D78B71EDFEE9E005E4F39 /* SCLTimerDisplay.m */ = {isa = PBXFileReference; fileEncoding = 4; lastKnownFileType = sourcecode.c.objc; path = SCLTimerDisplay.m; sourceTree = "<group>"; };
		5D4D78B81EDFEE9E005E4F39 /* SCLTextView.h */ = {isa = PBXFileReference; fileEncoding = 4; lastKnownFileType = sourcecode.c.h; path = SCLTextView.h; sourceTree = "<group>"; };
		5D4D78B91EDFEE9E005E4F39 /* SCLTextView.m */ = {isa = PBXFileReference; fileEncoding = 4; lastKnownFileType = sourcecode.c.objc; path = SCLTextView.m; sourceTree = "<group>"; };
		5D4D78BA1EDFEE9E005E4F39 /* SCLSwitchView.h */ = {isa = PBXFileReference; fileEncoding = 4; lastKnownFileType = sourcecode.c.h; path = SCLSwitchView.h; sourceTree = "<group>"; };
		5D4D78BB1EDFEE9E005E4F39 /* SCLSwitchView.m */ = {isa = PBXFileReference; fileEncoding = 4; lastKnownFileType = sourcecode.c.objc; path = SCLSwitchView.m; sourceTree = "<group>"; };
		5D5A0AB11E83F127009DBCD3 /* LoginViewController.h */ = {isa = PBXFileReference; fileEncoding = 4; lastKnownFileType = sourcecode.c.h; path = LoginViewController.h; sourceTree = "<group>"; };
		5D5A0AB21E83F127009DBCD3 /* LoginViewController.m */ = {isa = PBXFileReference; fileEncoding = 4; lastKnownFileType = sourcecode.c.objc; path = LoginViewController.m; sourceTree = "<group>"; };
		5D65183A1EB73E2700FF1055 /* MenuViewController.h */ = {isa = PBXFileReference; fileEncoding = 4; lastKnownFileType = sourcecode.c.h; path = MenuViewController.h; sourceTree = "<group>"; };
		5D65183B1EB73E2700FF1055 /* MenuViewController.m */ = {isa = PBXFileReference; fileEncoding = 4; lastKnownFileType = sourcecode.c.objc; path = MenuViewController.m; sourceTree = "<group>"; };
		5D6905071EAF303700E9269F /* TrackDetailModel.h */ = {isa = PBXFileReference; fileEncoding = 4; lastKnownFileType = sourcecode.c.h; path = TrackDetailModel.h; sourceTree = "<group>"; };
		5D6905081EAF303700E9269F /* TrackDetailModel.m */ = {isa = PBXFileReference; fileEncoding = 4; lastKnownFileType = sourcecode.c.objc; path = TrackDetailModel.m; sourceTree = "<group>"; };
		5D7FC8521EDFD27C001ED018 /* SidebarViewController.h */ = {isa = PBXFileReference; fileEncoding = 4; lastKnownFileType = sourcecode.c.h; path = SidebarViewController.h; sourceTree = "<group>"; };
		5D7FC8531EDFD27C001ED018 /* SidebarViewController.m */ = {isa = PBXFileReference; fileEncoding = 4; lastKnownFileType = sourcecode.c.objc; path = SidebarViewController.m; sourceTree = "<group>"; };
		5D7FC8561EDFD858001ED018 /* SWRevealViewController.h */ = {isa = PBXFileReference; fileEncoding = 4; lastKnownFileType = sourcecode.c.h; path = SWRevealViewController.h; sourceTree = "<group>"; };
		5D7FC8571EDFD858001ED018 /* SWRevealViewController.m */ = {isa = PBXFileReference; fileEncoding = 4; lastKnownFileType = sourcecode.c.objc; path = SWRevealViewController.m; sourceTree = "<group>"; };
		5D8123141E5563A90094DDB3 /* SelectPlaceViewController.h */ = {isa = PBXFileReference; fileEncoding = 4; lastKnownFileType = sourcecode.c.h; path = SelectPlaceViewController.h; sourceTree = "<group>"; };
		5D8123151E5563A90094DDB3 /* SelectPlaceViewController.m */ = {isa = PBXFileReference; fileEncoding = 4; lastKnownFileType = sourcecode.c.objc; path = SelectPlaceViewController.m; sourceTree = "<group>"; };
		5D8123161E5563A90094DDB3 /* SelectPlacesViewCell.h */ = {isa = PBXFileReference; fileEncoding = 4; lastKnownFileType = sourcecode.c.h; path = SelectPlacesViewCell.h; sourceTree = "<group>"; };
		5D8123171E5563A90094DDB3 /* SelectPlacesViewCell.m */ = {isa = PBXFileReference; fileEncoding = 4; lastKnownFileType = sourcecode.c.objc; path = SelectPlacesViewCell.m; sourceTree = "<group>"; };
		5D8884F11E84F7A30094B92A /* BSKeyboardControls.h */ = {isa = PBXFileReference; fileEncoding = 4; lastKnownFileType = sourcecode.c.h; path = BSKeyboardControls.h; sourceTree = "<group>"; };
		5D8884F21E84F7A30094B92A /* BSKeyboardControls.m */ = {isa = PBXFileReference; fileEncoding = 4; lastKnownFileType = sourcecode.c.objc; path = BSKeyboardControls.m; sourceTree = "<group>"; };
		5D90B7F01E54583500F14797 /* Internet.h */ = {isa = PBXFileReference; fileEncoding = 4; lastKnownFileType = sourcecode.c.h; path = Internet.h; sourceTree = "<group>"; };
		5D90B7F11E54583500F14797 /* Internet.m */ = {isa = PBXFileReference; fileEncoding = 4; lastKnownFileType = sourcecode.c.objc; path = Internet.m; sourceTree = "<group>"; };
		5D90B7F31E5459E200F14797 /* Reachability.h */ = {isa = PBXFileReference; fileEncoding = 4; lastKnownFileType = sourcecode.c.h; path = Reachability.h; sourceTree = "<group>"; };
		5D90B7F41E5459E200F14797 /* Reachability.m */ = {isa = PBXFileReference; fileEncoding = 4; lastKnownFileType = sourcecode.c.objc; path = Reachability.m; sourceTree = "<group>"; };
		5D9147C01E5D9D6F00B24F17 /* StreetMapView.h */ = {isa = PBXFileReference; fileEncoding = 4; lastKnownFileType = sourcecode.c.h; path = StreetMapView.h; sourceTree = "<group>"; };
		5D9147C11E5D9D6F00B24F17 /* StreetMapView.m */ = {isa = PBXFileReference; fileEncoding = 4; lastKnownFileType = sourcecode.c.objc; path = StreetMapView.m; sourceTree = "<group>"; };
		5D9147C41E5DAB3700B24F17 /* DirectionPathViewController.h */ = {isa = PBXFileReference; fileEncoding = 4; lastKnownFileType = sourcecode.c.h; path = DirectionPathViewController.h; sourceTree = "<group>"; };
		5D9147C51E5DAB3700B24F17 /* DirectionPathViewController.m */ = {isa = PBXFileReference; fileEncoding = 4; lastKnownFileType = sourcecode.c.objc; path = DirectionPathViewController.m; sourceTree = "<group>"; };
		5D9295471EC475B700EC3873 /* ARCarMovement.h */ = {isa = PBXFileReference; fileEncoding = 4; lastKnownFileType = sourcecode.c.h; path = ARCarMovement.h; sourceTree = "<group>"; };
		5D9295481EC475B700EC3873 /* ARCarMovement.m */ = {isa = PBXFileReference; fileEncoding = 4; lastKnownFileType = sourcecode.c.objc; path = ARCarMovement.m; sourceTree = "<group>"; };
		5D958B2E1E5EE5E700587104 /* UITextField+Validations.h */ = {isa = PBXFileReference; fileEncoding = 4; lastKnownFileType = sourcecode.c.h; path = "UITextField+Validations.h"; sourceTree = "<group>"; };
		5D958B2F1E5EE5E700587104 /* UITextField+Validations.m */ = {isa = PBXFileReference; fileEncoding = 4; lastKnownFileType = sourcecode.c.objc; path = "UITextField+Validations.m"; sourceTree = "<group>"; };
		5D976F551EA71AAC00D98FD0 /* TrackService.h */ = {isa = PBXFileReference; fileEncoding = 4; lastKnownFileType = sourcecode.c.h; path = TrackService.h; sourceTree = "<group>"; };
		5D976F561EA71AAC00D98FD0 /* TrackService.m */ = {isa = PBXFileReference; fileEncoding = 4; lastKnownFileType = sourcecode.c.objc; path = TrackService.m; sourceTree = "<group>"; };
		5D9A40DF1E5C00AD003F5517 /* GoogleMapView.h */ = {isa = PBXFileReference; fileEncoding = 4; lastKnownFileType = sourcecode.c.h; path = GoogleMapView.h; sourceTree = "<group>"; };
		5D9A40E01E5C00AD003F5517 /* GoogleMapView.m */ = {isa = PBXFileReference; fileEncoding = 4; lastKnownFileType = sourcecode.c.objc; path = GoogleMapView.m; sourceTree = "<group>"; };
		5D9D287A1E8A2F95007F03E4 /* Webservice.h */ = {isa = PBXFileReference; fileEncoding = 4; lastKnownFileType = sourcecode.c.h; path = Webservice.h; sourceTree = "<group>"; };
		5D9D287B1E8A2F95007F03E4 /* Webservice.m */ = {isa = PBXFileReference; fileEncoding = 4; lastKnownFileType = sourcecode.c.objc; path = Webservice.m; sourceTree = "<group>"; };
		5D9D287F1E8A3B8C007F03E4 /* UserService.h */ = {isa = PBXFileReference; fileEncoding = 4; lastKnownFileType = sourcecode.c.h; path = UserService.h; sourceTree = "<group>"; };
		5D9D28801E8A3B8C007F03E4 /* UserService.m */ = {isa = PBXFileReference; fileEncoding = 4; lastKnownFileType = sourcecode.c.objc; path = UserService.m; sourceTree = "<group>"; };
		5D9E47D61E5AB64F006949A9 /* MapViewController.h */ = {isa = PBXFileReference; fileEncoding = 4; lastKnownFileType = sourcecode.c.h; path = MapViewController.h; sourceTree = "<group>"; };
		5D9E47D71E5AB64F006949A9 /* MapViewController.m */ = {isa = PBXFileReference; fileEncoding = 4; lastKnownFileType = sourcecode.c.objc; path = MapViewController.m; sourceTree = "<group>"; };
		5D9E47D91E5AFDB2006949A9 /* LocationObject.h */ = {isa = PBXFileReference; fileEncoding = 4; lastKnownFileType = sourcecode.c.h; path = LocationObject.h; sourceTree = "<group>"; };
		5D9E47DA1E5AFDB2006949A9 /* LocationObject.m */ = {isa = PBXFileReference; fileEncoding = 4; lastKnownFileType = sourcecode.c.objc; path = LocationObject.m; sourceTree = "<group>"; };
		5DA1FDE51E52DED10076B880 /* UserDefaultManager.h */ = {isa = PBXFileReference; fileEncoding = 4; lastKnownFileType = sourcecode.c.h; path = UserDefaultManager.h; sourceTree = "<group>"; };
		5DA1FDE61E52DED10076B880 /* UserDefaultManager.m */ = {isa = PBXFileReference; fileEncoding = 4; lastKnownFileType = sourcecode.c.objc; path = UserDefaultManager.m; sourceTree = "<group>"; };
		5DA1FDE91E52DEEC0076B880 /* NullValueChecker.h */ = {isa = PBXFileReference; fileEncoding = 4; lastKnownFileType = sourcecode.c.h; path = NullValueChecker.h; sourceTree = "<group>"; };
		5DA1FDEA1E52DEEC0076B880 /* NullValueChecker.m */ = {isa = PBXFileReference; fileEncoding = 4; lastKnownFileType = sourcecode.c.objc; path = NullValueChecker.m; sourceTree = "<group>"; };
		5DA1FDF61E52E2780076B880 /* MMMaterialDesignSpinner.h */ = {isa = PBXFileReference; fileEncoding = 4; lastKnownFileType = sourcecode.c.h; path = MMMaterialDesignSpinner.h; sourceTree = "<group>"; };
		5DA1FDF71E52E2780076B880 /* MMMaterialDesignSpinner.m */ = {isa = PBXFileReference; fileEncoding = 4; lastKnownFileType = sourcecode.c.objc; path = MMMaterialDesignSpinner.m; sourceTree = "<group>"; };
		5DA1FE001E52E9600076B880 /* RealTimeLocationTrackingPrefixHeader.pch */ = {isa = PBXFileReference; lastKnownFileType = sourcecode.c.h; path = RealTimeLocationTrackingPrefixHeader.pch; sourceTree = SOURCE_ROOT; };
		5DA1FE021E52FCBF0076B880 /* libsqlite3.tbd */ = {isa = PBXFileReference; lastKnownFileType = "sourcecode.text-based-dylib-definition"; name = libsqlite3.tbd; path = usr/lib/libsqlite3.tbd; sourceTree = SDKROOT; };
		5DA1FE041E52FCC60076B880 /* CoreLocation.framework */ = {isa = PBXFileReference; lastKnownFileType = wrapper.framework; name = CoreLocation.framework; path = System/Library/Frameworks/CoreLocation.framework; sourceTree = SDKROOT; };
		5DA1FE0B1E531D500076B880 /* DemoViewController.h */ = {isa = PBXFileReference; fileEncoding = 4; lastKnownFileType = sourcecode.c.h; path = DemoViewController.h; sourceTree = "<group>"; };
		5DA1FE0C1E531D500076B880 /* DemoViewController.m */ = {isa = PBXFileReference; fileEncoding = 4; lastKnownFileType = sourcecode.c.objc; path = DemoViewController.m; sourceTree = "<group>"; };
		5DA1FE111E5326D40076B880 /* MyDatabase.h */ = {isa = PBXFileReference; fileEncoding = 4; lastKnownFileType = sourcecode.c.h; path = MyDatabase.h; sourceTree = "<group>"; };
		5DA1FE121E5326D40076B880 /* MyDatabase.m */ = {isa = PBXFileReference; fileEncoding = 4; lastKnownFileType = sourcecode.c.objc; path = MyDatabase.m; sourceTree = "<group>"; };
		5DA8D3521EB990EF00D94854 /* PathTrackingViewController.h */ = {isa = PBXFileReference; fileEncoding = 4; lastKnownFileType = sourcecode.c.h; path = PathTrackingViewController.h; sourceTree = "<group>"; };
		5DA8D3531EB990EF00D94854 /* PathTrackingViewController.m */ = {isa = PBXFileReference; fileEncoding = 4; lastKnownFileType = sourcecode.c.objc; path = PathTrackingViewController.m; sourceTree = "<group>"; };
		5DB9DE3C1E69215F009CBEDC /* RealTimeTrackViewController.h */ = {isa = PBXFileReference; fileEncoding = 4; lastKnownFileType = sourcecode.c.h; path = RealTimeTrackViewController.h; sourceTree = "<group>"; };
		5DB9DE3D1E69215F009CBEDC /* RealTimeTrackViewController.m */ = {isa = PBXFileReference; fileEncoding = 4; lastKnownFileType = sourcecode.c.objc; path = RealTimeTrackViewController.m; sourceTree = "<group>"; };
		5DBAAD261EBC4F5300A4E48A /* LocationTracking.sqlite */ = {isa = PBXFileReference; lastKnownFileType = file; path = LocationTracking.sqlite; sourceTree = "<group>"; };
		5DD2A79C1EC1C35700DA5A97 /* TrackLocationDetailModel.h */ = {isa = PBXFileReference; fileEncoding = 4; lastKnownFileType = sourcecode.c.h; path = TrackLocationDetailModel.h; sourceTree = "<group>"; };
		5DD2A79D1EC1C35700DA5A97 /* TrackLocationDetailModel.m */ = {isa = PBXFileReference; fileEncoding = 4; lastKnownFileType = sourcecode.c.objc; path = TrackLocationDetailModel.m; sourceTree = "<group>"; };
		B782B7161E52B9F400BA08B2 /* RealTimeLocationTracking.app */ = {isa = PBXFileReference; explicitFileType = wrapper.application; includeInIndex = 0; path = RealTimeLocationTracking.app; sourceTree = BUILT_PRODUCTS_DIR; };
		B782B71A1E52B9F400BA08B2 /* main.m */ = {isa = PBXFileReference; lastKnownFileType = sourcecode.c.objc; path = main.m; sourceTree = "<group>"; };
		B782B71C1E52B9F400BA08B2 /* AppDelegate.h */ = {isa = PBXFileReference; lastKnownFileType = sourcecode.c.h; path = AppDelegate.h; sourceTree = "<group>"; };
		B782B71D1E52B9F400BA08B2 /* AppDelegate.m */ = {isa = PBXFileReference; lastKnownFileType = sourcecode.c.objc; path = AppDelegate.m; sourceTree = "<group>"; };
		B782B7231E52B9F400BA08B2 /* Base */ = {isa = PBXFileReference; lastKnownFileType = file.storyboard; name = Base; path = Base.lproj/Main.storyboard; sourceTree = "<group>"; };
		B782B7251E52B9F400BA08B2 /* Assets.xcassets */ = {isa = PBXFileReference; lastKnownFileType = folder.assetcatalog; path = Assets.xcassets; sourceTree = "<group>"; };
		B782B7281E52B9F400BA08B2 /* Base */ = {isa = PBXFileReference; lastKnownFileType = file.storyboard; name = Base; path = Base.lproj/LaunchScreen.storyboard; sourceTree = "<group>"; };
		B782B72A1E52B9F400BA08B2 /* Info.plist */ = {isa = PBXFileReference; lastKnownFileType = text.plist.xml; path = Info.plist; sourceTree = "<group>"; };
		C89D60522F102E3BA27CFBB5 /* Pods-RealTimeLocationTracking.release.xcconfig */ = {isa = PBXFileReference; includeInIndex = 1; lastKnownFileType = text.xcconfig; name = "Pods-RealTimeLocationTracking.release.xcconfig"; path = "Pods/Target Support Files/Pods-RealTimeLocationTracking/Pods-RealTimeLocationTracking.release.xcconfig"; sourceTree = "<group>"; };
/* End PBXFileReference section */

/* Begin PBXFrameworksBuildPhase section */
		B782B7131E52B9F300BA08B2 /* Frameworks */ = {
			isa = PBXFrameworksBuildPhase;
			buildActionMask = 2147483647;
			files = (
				5DA1FE051E52FCC60076B880 /* CoreLocation.framework in Frameworks */,
				5DA1FE031E52FCBF0076B880 /* libsqlite3.tbd in Frameworks */,
				3C6842C0C739F798BC8E6145 /* libPods-RealTimeLocationTracking.a in Frameworks */,
			);
			runOnlyForDeploymentPostprocessing = 0;
		};
/* End PBXFrameworksBuildPhase section */

/* Begin PBXGroup section */
		5D4D78A51EDFE437005E4F39 /* GlobalViewController */ = {
			isa = PBXGroup;
			children = (
				5D4D78A61EDFE44A005E4F39 /* GlobalViewController.h */,
				5D4D78A71EDFE44A005E4F39 /* GlobalViewController.m */,
			);
			name = GlobalViewController;
			sourceTree = "<group>";
		};
		5D4D78AA1EDFEE7B005E4F39 /* AlertView */ = {
			isa = PBXGroup;
			children = (
				5D4D78AB1EDFEE9E005E4F39 /* UIImage+ImageEffects.h */,
				5D4D78AC1EDFEE9E005E4F39 /* UIImage+ImageEffects.m */,
				5D4D78AD1EDFEE9E005E4F39 /* SCLAlertView.h */,
				5D4D78AE1EDFEE9E005E4F39 /* SCLAlertView.m */,
				5D4D78AF1EDFEE9E005E4F39 /* SCLButton.h */,
				5D4D78B01EDFEE9E005E4F39 /* SCLButton.m */,
				5D4D78B11EDFEE9E005E4F39 /* SCLAlertViewResponder.h */,
				5D4D78B21EDFEE9E005E4F39 /* SCLAlertViewResponder.m */,
				5D4D78B31EDFEE9E005E4F39 /* SCLAlertViewStyleKit.h */,
				5D4D78B41EDFEE9E005E4F39 /* SCLAlertViewStyleKit.m */,
				5D4D78B51EDFEE9E005E4F39 /* SCLMacros.h */,
				5D4D78B61EDFEE9E005E4F39 /* SCLTimerDisplay.h */,
				5D4D78B71EDFEE9E005E4F39 /* SCLTimerDisplay.m */,
				5D4D78B81EDFEE9E005E4F39 /* SCLTextView.h */,
				5D4D78B91EDFEE9E005E4F39 /* SCLTextView.m */,
				5D4D78BA1EDFEE9E005E4F39 /* SCLSwitchView.h */,
				5D4D78BB1EDFEE9E005E4F39 /* SCLSwitchView.m */,
			);
			name = AlertView;
			sourceTree = "<group>";
		};
		5D5A0AB01E83F105009DBCD3 /* UserModule */ = {
			isa = PBXGroup;
			children = (
				5D5A0AB11E83F127009DBCD3 /* LoginViewController.h */,
				5D5A0AB21E83F127009DBCD3 /* LoginViewController.m */,
			);
			name = UserModule;
			sourceTree = "<group>";
		};
		5D6518391EB73E0000FF1055 /* MenuView */ = {
			isa = PBXGroup;
			children = (
				5D65183A1EB73E2700FF1055 /* MenuViewController.h */,
				5D65183B1EB73E2700FF1055 /* MenuViewController.m */,
			);
			name = MenuView;
			sourceTree = "<group>";
		};
		5D6905061EAF300200E9269F /* TrackDetailModel */ = {
			isa = PBXGroup;
			children = (
				5D6905071EAF303700E9269F /* TrackDetailModel.h */,
				5D6905081EAF303700E9269F /* TrackDetailModel.m */,
				5DD2A79C1EC1C35700DA5A97 /* TrackLocationDetailModel.h */,
				5DD2A79D1EC1C35700DA5A97 /* TrackLocationDetailModel.m */,
			);
			name = TrackDetailModel;
			sourceTree = "<group>";
		};
		5D7FC8511EDFD22A001ED018 /* SideBar */ = {
			isa = PBXGroup;
			children = (
				5D7FC8521EDFD27C001ED018 /* SidebarViewController.h */,
				5D7FC8531EDFD27C001ED018 /* SidebarViewController.m */,
			);
			name = SideBar;
			sourceTree = "<group>";
		};
		5D7FC8551EDFD84B001ED018 /* SWRevealViewController */ = {
			isa = PBXGroup;
			children = (
				5D7FC8561EDFD858001ED018 /* SWRevealViewController.h */,
				5D7FC8571EDFD858001ED018 /* SWRevealViewController.m */,
			);
			name = SWRevealViewController;
			sourceTree = "<group>";
		};
		5D81231B1E5563B50094DDB3 /* SelectPlacesViewCell */ = {
			isa = PBXGroup;
			children = (
				5D8123161E5563A90094DDB3 /* SelectPlacesViewCell.h */,
				5D8123171E5563A90094DDB3 /* SelectPlacesViewCell.m */,
			);
			name = SelectPlacesViewCell;
			sourceTree = "<group>";
		};
		5D81231C1E5563B80094DDB3 /* SelectPlacesView */ = {
			isa = PBXGroup;
			children = (
				5D8123141E5563A90094DDB3 /* SelectPlaceViewController.h */,
				5D8123151E5563A90094DDB3 /* SelectPlaceViewController.m */,
			);
			name = SelectPlacesView;
			sourceTree = "<group>";
		};
		5D8884F01E84F7950094B92A /* BSKeyboardControls */ = {
			isa = PBXGroup;
			children = (
				5D8884F11E84F7A30094B92A /* BSKeyboardControls.h */,
				5D8884F21E84F7A30094B92A /* BSKeyboardControls.m */,
			);
			name = BSKeyboardControls;
			sourceTree = "<group>";
		};
		5D90B7EF1E54582C00F14797 /* Reachability */ = {
			isa = PBXGroup;
			children = (
				5D90B7F31E5459E200F14797 /* Reachability.h */,
				5D90B7F41E5459E200F14797 /* Reachability.m */,
				5D90B7F01E54583500F14797 /* Internet.h */,
				5D90B7F11E54583500F14797 /* Internet.m */,
			);
			name = Reachability;
			sourceTree = "<group>";
		};
		5D9147BC1E5D441E00B24F17 /* MapView */ = {
			isa = PBXGroup;
			children = (
				5D9E47D61E5AB64F006949A9 /* MapViewController.h */,
				5D9E47D71E5AB64F006949A9 /* MapViewController.m */,
			);
			name = MapView;
			sourceTree = "<group>";
		};
		5D9147BD1E5D446000B24F17 /* InstantLocationSearch */ = {
			isa = PBXGroup;
			children = (
				5D81231C1E5563B80094DDB3 /* SelectPlacesView */,
				5D81231B1E5563B50094DDB3 /* SelectPlacesViewCell */,
			);
			name = InstantLocationSearch;
			sourceTree = "<group>";
		};
		5D9147BE1E5D91B000B24F17 /* MainDemoView */ = {
			isa = PBXGroup;
			children = (
				5DA1FE0B1E531D500076B880 /* DemoViewController.h */,
				5DA1FE0C1E531D500076B880 /* DemoViewController.m */,
			);
			name = MainDemoView;
			sourceTree = "<group>";
		};
		5D9147C31E5DAAF700B24F17 /* DirectionModule */ = {
			isa = PBXGroup;
			children = (
				5D9147C41E5DAB3700B24F17 /* DirectionPathViewController.h */,
				5D9147C51E5DAB3700B24F17 /* DirectionPathViewController.m */,
			);
			name = DirectionModule;
			sourceTree = "<group>";
		};
		5D958B311E5EE5F300587104 /* ValidationCategory */ = {
			isa = PBXGroup;
			children = (
				5D958B2E1E5EE5E700587104 /* UITextField+Validations.h */,
				5D958B2F1E5EE5E700587104 /* UITextField+Validations.m */,
			);
			name = ValidationCategory;
			sourceTree = "<group>";
		};
		5D976F541EA71A5100D98FD0 /* TrackService */ = {
			isa = PBXGroup;
			children = (
				5D976F551EA71AAC00D98FD0 /* TrackService.h */,
				5D976F561EA71AAC00D98FD0 /* TrackService.m */,
			);
			name = TrackService;
			sourceTree = "<group>";
		};
		5D9D287D1E8A3B55007F03E4 /* GlobalService */ = {
			isa = PBXGroup;
			children = (
				5D9D287A1E8A2F95007F03E4 /* Webservice.h */,
				5D9D287B1E8A2F95007F03E4 /* Webservice.m */,
			);
			name = GlobalService;
			sourceTree = "<group>";
		};
		5D9D287E1E8A3B67007F03E4 /* UserService */ = {
			isa = PBXGroup;
			children = (
				5D9D287F1E8A3B8C007F03E4 /* UserService.h */,
				5D9D28801E8A3B8C007F03E4 /* UserService.m */,
			);
			name = UserService;
			sourceTree = "<group>";
		};
		5D9E47D21E5AA670006949A9 /* LocationManager */ = {
			isa = PBXGroup;
			children = (
				5D9E47D91E5AFDB2006949A9 /* LocationObject.h */,
				5D9E47DA1E5AFDB2006949A9 /* LocationObject.m */,
				5D9A40DF1E5C00AD003F5517 /* GoogleMapView.h */,
				5D9A40E01E5C00AD003F5517 /* GoogleMapView.m */,
				5D9147C01E5D9D6F00B24F17 /* StreetMapView.h */,
				5D9147C11E5D9D6F00B24F17 /* StreetMapView.m */,
			);
			name = LocationManager;
			sourceTree = "<group>";
		};
		5DA1FDE01E52D83C0076B880 /* AppDelegate */ = {
			isa = PBXGroup;
			children = (
				B782B71C1E52B9F400BA08B2 /* AppDelegate.h */,
				B782B71D1E52B9F400BA08B2 /* AppDelegate.m */,
			);
			name = AppDelegate;
			sourceTree = "<group>";
		};
		5DA1FDE11E52D8540076B880 /* Classes */ = {
			isa = PBXGroup;
			children = (
				5DA1FDE31E52DD170076B880 /* SupportingClasses */,
				5DA1FDEC1E52DF040076B880 /* Model */,
				5DA1FDEF1E52E1CC0076B880 /* Views */,
				5DA1FDF01E52E1D10076B880 /* Controllers */,
			);
			name = Classes;
			sourceTree = "<group>";
		};
		5DA1FDE21E52D8660076B880 /* Supporting Files */ = {
			isa = PBXGroup;
			children = (
				5DA1FE001E52E9600076B880 /* RealTimeLocationTrackingPrefixHeader.pch */,
				B782B7251E52B9F400BA08B2 /* Assets.xcassets */,
				B782B7271E52B9F400BA08B2 /* LaunchScreen.storyboard */,
				B782B72A1E52B9F400BA08B2 /* Info.plist */,
			);
			name = "Supporting Files";
			sourceTree = "<group>";
		};
		5DA1FDE31E52DD170076B880 /* SupportingClasses */ = {
			isa = PBXGroup;
			children = (
				5D8884F01E84F7950094B92A /* BSKeyboardControls */,
				5D958B311E5EE5F300587104 /* ValidationCategory */,
				5D9E47D21E5AA670006949A9 /* LocationManager */,
				5D90B7EF1E54582C00F14797 /* Reachability */,
				5DA1FDFB1E52E83D0076B880 /* DatabaseHandler */,
				5DA1FDE81E52DEE40076B880 /* NullHandler */,
				5DA1FDE41E52DE690076B880 /* DefaultManager */,
			);
			name = SupportingClasses;
			sourceTree = "<group>";
		};
		5DA1FDE41E52DE690076B880 /* DefaultManager */ = {
			isa = PBXGroup;
			children = (
				5DA1FDE51E52DED10076B880 /* UserDefaultManager.h */,
				5DA1FDE61E52DED10076B880 /* UserDefaultManager.m */,
			);
			name = DefaultManager;
			sourceTree = "<group>";
		};
		5DA1FDE81E52DEE40076B880 /* NullHandler */ = {
			isa = PBXGroup;
			children = (
				5DA1FDE91E52DEEC0076B880 /* NullValueChecker.h */,
				5DA1FDEA1E52DEEC0076B880 /* NullValueChecker.m */,
			);
			name = NullHandler;
			sourceTree = "<group>";
		};
		5DA1FDEC1E52DF040076B880 /* Model */ = {
			isa = PBXGroup;
			children = (
				5DA1FDEE1E52DF1C0076B880 /* Webservice */,
				5DA1FDED1E52DF190076B880 /* DataModel */,
			);
			name = Model;
			sourceTree = "<group>";
		};
		5DA1FDED1E52DF190076B880 /* DataModel */ = {
			isa = PBXGroup;
			children = (
				5D6905061EAF300200E9269F /* TrackDetailModel */,
			);
			name = DataModel;
			sourceTree = "<group>";
		};
		5DA1FDEE1E52DF1C0076B880 /* Webservice */ = {
			isa = PBXGroup;
			children = (
				5D976F541EA71A5100D98FD0 /* TrackService */,
				5D9D287E1E8A3B67007F03E4 /* UserService */,
				5D9D287D1E8A3B55007F03E4 /* GlobalService */,
			);
			name = Webservice;
			sourceTree = "<group>";
		};
		5DA1FDEF1E52E1CC0076B880 /* Views */ = {
			isa = PBXGroup;
			children = (
				5D4D78AA1EDFEE7B005E4F39 /* AlertView */,
				5DA1FDF51E52E26F0076B880 /* MMMaterialDesignSpinner */,
			);
			name = Views;
			sourceTree = "<group>";
		};
		5DA1FDF01E52E1D10076B880 /* Controllers */ = {
			isa = PBXGroup;
			children = (
				5D4D78A51EDFE437005E4F39 /* GlobalViewController */,
				5D7FC8551EDFD84B001ED018 /* SWRevealViewController */,
				5D7FC8511EDFD22A001ED018 /* SideBar */,
				5D5A0AB01E83F105009DBCD3 /* UserModule */,
				5DA1FDFA1E52E7BE0076B880 /* DemoModule */,
			);
			name = Controllers;
			sourceTree = "<group>";
		};
		5DA1FDF51E52E26F0076B880 /* MMMaterialDesignSpinner */ = {
			isa = PBXGroup;
			children = (
				5DA1FDF61E52E2780076B880 /* MMMaterialDesignSpinner.h */,
				5DA1FDF71E52E2780076B880 /* MMMaterialDesignSpinner.m */,
			);
			name = MMMaterialDesignSpinner;
			sourceTree = "<group>";
		};
		5DA1FDF91E52E65C0076B880 /* InstantSearchModule */ = {
			isa = PBXGroup;
			children = (
				5D9147BD1E5D446000B24F17 /* InstantLocationSearch */,
			);
			name = InstantSearchModule;
			sourceTree = "<group>";
		};
		5DA1FDFA1E52E7BE0076B880 /* DemoModule */ = {
			isa = PBXGroup;
			children = (
				5D9147BE1E5D91B000B24F17 /* MainDemoView */,
				5D6518391EB73E0000FF1055 /* MenuView */,
				5D9147BC1E5D441E00B24F17 /* MapView */,
				5DA8D3511EB9905900D94854 /* PathTrackingView */,
				5DB9DE3B1E692102009CBEDC /* RealTimeTrackingView */,
				5D9147C31E5DAAF700B24F17 /* DirectionModule */,
				5DA1FDF91E52E65C0076B880 /* InstantSearchModule */,
			);
			name = DemoModule;
			sourceTree = "<group>";
		};
		5DA1FDFB1E52E83D0076B880 /* DatabaseHandler */ = {
			isa = PBXGroup;
			children = (
				5DBAAD261EBC4F5300A4E48A /* LocationTracking.sqlite */,
				5DA1FE111E5326D40076B880 /* MyDatabase.h */,
				5DA1FE121E5326D40076B880 /* MyDatabase.m */,
			);
			name = DatabaseHandler;
			sourceTree = "<group>";
		};
		5DA1FE011E52FCBF0076B880 /* Frameworks */ = {
			isa = PBXGroup;
			children = (
				5DA1FE041E52FCC60076B880 /* CoreLocation.framework */,
				5DA1FE021E52FCBF0076B880 /* libsqlite3.tbd */,
				098DEAB2FADCB3544492EB9E /* libPods-RealTimeLocationTracking.a */,
			);
			name = Frameworks;
			sourceTree = "<group>";
		};
		5DA8D3511EB9905900D94854 /* PathTrackingView */ = {
			isa = PBXGroup;
			children = (
				5DA8D3521EB990EF00D94854 /* PathTrackingViewController.h */,
				5DA8D3531EB990EF00D94854 /* PathTrackingViewController.m */,
			);
			name = PathTrackingView;
			sourceTree = "<group>";
		};
		5DB9DE3B1E692102009CBEDC /* RealTimeTrackingView */ = {
			isa = PBXGroup;
			children = (
				5DB9DE3C1E69215F009CBEDC /* RealTimeTrackViewController.h */,
				5DB9DE3D1E69215F009CBEDC /* RealTimeTrackViewController.m */,
			);
			name = RealTimeTrackingView;
			sourceTree = "<group>";
		};
		75ECB1DAAD09B90C2FAA14D4 /* Pods */ = {
			isa = PBXGroup;
			children = (
				07BE8AC3B1643291B4F2075E /* Pods-RealTimeLocationTracking.debug.xcconfig */,
				C89D60522F102E3BA27CFBB5 /* Pods-RealTimeLocationTracking.release.xcconfig */,
			);
			name = Pods;
			sourceTree = "<group>";
		};
		B782B70D1E52B9F300BA08B2 = {
			isa = PBXGroup;
			children = (
				B782B7181E52B9F400BA08B2 /* RealTimeLocationTracking */,
				B782B7171E52B9F400BA08B2 /* Products */,
				5DA1FE011E52FCBF0076B880 /* Frameworks */,
				75ECB1DAAD09B90C2FAA14D4 /* Pods */,
			);
			sourceTree = "<group>";
		};
		B782B7171E52B9F400BA08B2 /* Products */ = {
			isa = PBXGroup;
			children = (
				B782B7161E52B9F400BA08B2 /* RealTimeLocationTracking.app */,
			);
			name = Products;
			sourceTree = "<group>";
		};
		B782B7181E52B9F400BA08B2 /* RealTimeLocationTracking */ = {
			isa = PBXGroup;
			children = (
				5D9295471EC475B700EC3873 /* ARCarMovement.h */,
				5D9295481EC475B700EC3873 /* ARCarMovement.m */,
				5DA1FDE01E52D83C0076B880 /* AppDelegate */,
				5DA1FDE11E52D8540076B880 /* Classes */,
				5DA1FDE21E52D8660076B880 /* Supporting Files */,
				B782B7221E52B9F400BA08B2 /* Main.storyboard */,
				B782B7191E52B9F400BA08B2 /* Supporting Files */,
			);
			path = RealTimeLocationTracking;
			sourceTree = "<group>";
		};
		B782B7191E52B9F400BA08B2 /* Supporting Files */ = {
			isa = PBXGroup;
			children = (
				B782B71A1E52B9F400BA08B2 /* main.m */,
			);
			name = "Supporting Files";
			sourceTree = "<group>";
		};
/* End PBXGroup section */

/* Begin PBXNativeTarget section */
		B782B7151E52B9F300BA08B2 /* RealTimeLocationTracking */ = {
			isa = PBXNativeTarget;
			buildConfigurationList = B782B72D1E52B9F400BA08B2 /* Build configuration list for PBXNativeTarget "RealTimeLocationTracking" */;
			buildPhases = (
				01771F6FB377A9F962BA545C /* [CP] Check Pods Manifest.lock */,
				B782B7121E52B9F300BA08B2 /* Sources */,
				B782B7131E52B9F300BA08B2 /* Frameworks */,
				B782B7141E52B9F300BA08B2 /* Resources */,
				952FD9F9AB8274FAA95E6782 /* [CP] Embed Pods Frameworks */,
				E016E1190ACAD237AE62A9E3 /* [CP] Copy Pods Resources */,
			);
			buildRules = (
			);
			dependencies = (
			);
			name = RealTimeLocationTracking;
			productName = RealTimeLocationTracking;
			productReference = B782B7161E52B9F400BA08B2 /* RealTimeLocationTracking.app */;
			productType = "com.apple.product-type.application";
		};
/* End PBXNativeTarget section */

/* Begin PBXProject section */
		B782B70E1E52B9F300BA08B2 /* Project object */ = {
			isa = PBXProject;
			attributes = {
				LastUpgradeCheck = 0820;
				ORGANIZATIONNAME = Ranosys;
				TargetAttributes = {
					B782B7151E52B9F300BA08B2 = {
						CreatedOnToolsVersion = 8.2.1;
						DevelopmentTeam = T7GN63HCDX;
						ProvisioningStyle = Manual;
						SystemCapabilities = {
							com.apple.BackgroundModes = {
								enabled = 1;
							};
						};
					};
				};
			};
			buildConfigurationList = B782B7111E52B9F300BA08B2 /* Build configuration list for PBXProject "RealTimeLocationTracking" */;
			compatibilityVersion = "Xcode 3.2";
			developmentRegion = English;
			hasScannedForEncodings = 0;
			knownRegions = (
				en,
				Base,
			);
			mainGroup = B782B70D1E52B9F300BA08B2;
			productRefGroup = B782B7171E52B9F400BA08B2 /* Products */;
			projectDirPath = "";
			projectRoot = "";
			targets = (
				B782B7151E52B9F300BA08B2 /* RealTimeLocationTracking */,
			);
		};
/* End PBXProject section */

/* Begin PBXResourcesBuildPhase section */
		B782B7141E52B9F300BA08B2 /* Resources */ = {
			isa = PBXResourcesBuildPhase;
			buildActionMask = 2147483647;
			files = (
				B782B7291E52B9F400BA08B2 /* LaunchScreen.storyboard in Resources */,
				B782B7261E52B9F400BA08B2 /* Assets.xcassets in Resources */,
				B782B7241E52B9F400BA08B2 /* Main.storyboard in Resources */,
				5DBAAD271EBC4F5300A4E48A /* LocationTracking.sqlite in Resources */,
			);
			runOnlyForDeploymentPostprocessing = 0;
		};
/* End PBXResourcesBuildPhase section */

/* Begin PBXShellScriptBuildPhase section */
		01771F6FB377A9F962BA545C /* [CP] Check Pods Manifest.lock */ = {
			isa = PBXShellScriptBuildPhase;
			buildActionMask = 2147483647;
			files = (
			);
			inputPaths = (
			);
			name = "[CP] Check Pods Manifest.lock";
			outputPaths = (
			);
			runOnlyForDeploymentPostprocessing = 0;
			shellPath = /bin/sh;
			shellScript = "diff \"${PODS_ROOT}/../Podfile.lock\" \"${PODS_ROOT}/Manifest.lock\" > /dev/null\nif [ $? != 0 ] ; then\n    # print error to STDERR\n    echo \"error: The sandbox is not in sync with the Podfile.lock. Run 'pod install' or update your CocoaPods installation.\" >&2\n    exit 1\nfi\n";
			showEnvVarsInLog = 0;
		};
		952FD9F9AB8274FAA95E6782 /* [CP] Embed Pods Frameworks */ = {
			isa = PBXShellScriptBuildPhase;
			buildActionMask = 2147483647;
			files = (
			);
			inputPaths = (
			);
			name = "[CP] Embed Pods Frameworks";
			outputPaths = (
			);
			runOnlyForDeploymentPostprocessing = 0;
			shellPath = /bin/sh;
			shellScript = "\"${SRCROOT}/Pods/Target Support Files/Pods-RealTimeLocationTracking/Pods-RealTimeLocationTracking-frameworks.sh\"\n";
			showEnvVarsInLog = 0;
		};
		E016E1190ACAD237AE62A9E3 /* [CP] Copy Pods Resources */ = {
			isa = PBXShellScriptBuildPhase;
			buildActionMask = 2147483647;
			files = (
			);
			inputPaths = (
			);
			name = "[CP] Copy Pods Resources";
			outputPaths = (
			);
			runOnlyForDeploymentPostprocessing = 0;
			shellPath = /bin/sh;
			shellScript = "\"${SRCROOT}/Pods/Target Support Files/Pods-RealTimeLocationTracking/Pods-RealTimeLocationTracking-resources.sh\"\n";
			showEnvVarsInLog = 0;
		};
/* End PBXShellScriptBuildPhase section */

/* Begin PBXSourcesBuildPhase section */
		B782B7121E52B9F300BA08B2 /* Sources */ = {
			isa = PBXSourcesBuildPhase;
			buildActionMask = 2147483647;
			files = (
				5D4D78BC1EDFEE9E005E4F39 /* UIImage+ImageEffects.m in Sources */,
				5D90B7F21E54583500F14797 /* Internet.m in Sources */,
				B782B71E1E52B9F400BA08B2 /* AppDelegate.m in Sources */,
				5DA8D3541EB990EF00D94854 /* PathTrackingViewController.m in Sources */,
				5DA1FDEB1E52DEEC0076B880 /* NullValueChecker.m in Sources */,
				5DA1FE131E5326D40076B880 /* MyDatabase.m in Sources */,
				5D8123181E5563A90094DDB3 /* SelectPlaceViewController.m in Sources */,
				5D9147C61E5DAB3700B24F17 /* DirectionPathViewController.m in Sources */,
				5D4D78BE1EDFEE9E005E4F39 /* SCLButton.m in Sources */,
				5D90B7F51E5459E200F14797 /* Reachability.m in Sources */,
				5DD2A79E1EC1C35700DA5A97 /* TrackLocationDetailModel.m in Sources */,
				5DA1FDF81E52E2780076B880 /* MMMaterialDesignSpinner.m in Sources */,
				5D4D78BD1EDFEE9E005E4F39 /* SCLAlertView.m in Sources */,
				5D9295491EC475B700EC3873 /* ARCarMovement.m in Sources */,
				5D4D78C31EDFEE9E005E4F39 /* SCLSwitchView.m in Sources */,
				5D4D78C11EDFEE9E005E4F39 /* SCLTimerDisplay.m in Sources */,
				5D7FC8541EDFD27C001ED018 /* SidebarViewController.m in Sources */,
				5D976F571EA71AAC00D98FD0 /* TrackService.m in Sources */,
				5D65183C1EB73E2700FF1055 /* MenuViewController.m in Sources */,
				5D4D78A81EDFE44A005E4F39 /* GlobalViewController.m in Sources */,
				5D9A40E11E5C00AD003F5517 /* GoogleMapView.m in Sources */,
				5D9D287C1E8A2F95007F03E4 /* Webservice.m in Sources */,
				5D9147C21E5D9D6F00B24F17 /* StreetMapView.m in Sources */,
				5D7FC8581EDFD858001ED018 /* SWRevealViewController.m in Sources */,
				5D4D78BF1EDFEE9E005E4F39 /* SCLAlertViewResponder.m in Sources */,
				5D4D78C01EDFEE9E005E4F39 /* SCLAlertViewStyleKit.m in Sources */,
				5D958B301E5EE5E700587104 /* UITextField+Validations.m in Sources */,
				5D8123191E5563A90094DDB3 /* SelectPlacesViewCell.m in Sources */,
				5DA1FDE71E52DED10076B880 /* UserDefaultManager.m in Sources */,
				5DA1FE0D1E531D500076B880 /* DemoViewController.m in Sources */,
				B782B71B1E52B9F400BA08B2 /* main.m in Sources */,
				5D5A0AB31E83F127009DBCD3 /* LoginViewController.m in Sources */,
				5D9E47DB1E5AFDB2006949A9 /* LocationObject.m in Sources */,
				5D4D78C21EDFEE9E005E4F39 /* SCLTextView.m in Sources */,
				5D8884F31E84F7A30094B92A /* BSKeyboardControls.m in Sources */,
				5D9E47D81E5AB64F006949A9 /* MapViewController.m in Sources */,
				5D9D28811E8A3B8C007F03E4 /* UserService.m in Sources */,
				5D6905091EAF303700E9269F /* TrackDetailModel.m in Sources */,
				5DB9DE3E1E69215F009CBEDC /* RealTimeTrackViewController.m in Sources */,
			);
			runOnlyForDeploymentPostprocessing = 0;
		};
/* End PBXSourcesBuildPhase section */

/* Begin PBXVariantGroup section */
		B782B7221E52B9F400BA08B2 /* Main.storyboard */ = {
			isa = PBXVariantGroup;
			children = (
				B782B7231E52B9F400BA08B2 /* Base */,
			);
			name = Main.storyboard;
			sourceTree = "<group>";
		};
		B782B7271E52B9F400BA08B2 /* LaunchScreen.storyboard */ = {
			isa = PBXVariantGroup;
			children = (
				B782B7281E52B9F400BA08B2 /* Base */,
			);
			name = LaunchScreen.storyboard;
			sourceTree = "<group>";
		};
/* End PBXVariantGroup section */

/* Begin XCBuildConfiguration section */
		B782B72B1E52B9F400BA08B2 /* Debug */ = {
			isa = XCBuildConfiguration;
			buildSettings = {
				ALWAYS_SEARCH_USER_PATHS = NO;
				CLANG_ANALYZER_NONNULL = YES;
				CLANG_CXX_LANGUAGE_STANDARD = "gnu++0x";
				CLANG_CXX_LIBRARY = "libc++";
				CLANG_ENABLE_MODULES = YES;
				CLANG_ENABLE_OBJC_ARC = YES;
				CLANG_WARN_BOOL_CONVERSION = YES;
				CLANG_WARN_CONSTANT_CONVERSION = YES;
				CLANG_WARN_DIRECT_OBJC_ISA_USAGE = YES_ERROR;
				CLANG_WARN_DOCUMENTATION_COMMENTS = YES;
				CLANG_WARN_EMPTY_BODY = YES;
				CLANG_WARN_ENUM_CONVERSION = YES;
				CLANG_WARN_INFINITE_RECURSION = YES;
				CLANG_WARN_INT_CONVERSION = YES;
				CLANG_WARN_OBJC_ROOT_CLASS = YES_ERROR;
				CLANG_WARN_SUSPICIOUS_MOVE = YES;
				CLANG_WARN_UNREACHABLE_CODE = YES;
				CLANG_WARN__DUPLICATE_METHOD_MATCH = YES;
				CODE_SIGN_IDENTITY = "iPhone Developer: shiv vaishnav (GZ989JSYX6)";
				"CODE_SIGN_IDENTITY[sdk=iphoneos*]" = "iPhone Developer: shiv vaishnav (GZ989JSYX6)";
				COPY_PHASE_STRIP = NO;
				DEBUG_INFORMATION_FORMAT = dwarf;
				ENABLE_STRICT_OBJC_MSGSEND = YES;
				ENABLE_TESTABILITY = YES;
				GCC_C_LANGUAGE_STANDARD = gnu99;
				GCC_DYNAMIC_NO_PIC = NO;
				GCC_NO_COMMON_BLOCKS = YES;
				GCC_OPTIMIZATION_LEVEL = 0;
				GCC_PREFIX_HEADER = /Users/monika/Documents/RealTimeLocation_POC_iOS/RealTimeLocationTrackingPrefixHeader.pch;
				GCC_PREPROCESSOR_DEFINITIONS = (
					"DEBUG=1",
					"$(inherited)",
				);
				GCC_WARN_64_TO_32_BIT_CONVERSION = YES;
				GCC_WARN_ABOUT_RETURN_TYPE = YES_ERROR;
				GCC_WARN_UNDECLARED_SELECTOR = YES;
				GCC_WARN_UNINITIALIZED_AUTOS = YES_AGGRESSIVE;
				GCC_WARN_UNUSED_FUNCTION = YES;
				GCC_WARN_UNUSED_VARIABLE = YES;
				IPHONEOS_DEPLOYMENT_TARGET = 10.2;
				MTL_ENABLE_DEBUG_INFO = YES;
				ONLY_ACTIVE_ARCH = YES;
				PROVISIONING_PROFILE = "9b632c28-d446-4fef-ba3d-7c5982609414";
				SDKROOT = iphoneos;
				TARGETED_DEVICE_FAMILY = "1,2";
			};
			name = Debug;
		};
		B782B72C1E52B9F400BA08B2 /* Release */ = {
			isa = XCBuildConfiguration;
			buildSettings = {
				ALWAYS_SEARCH_USER_PATHS = NO;
				CLANG_ANALYZER_NONNULL = YES;
				CLANG_CXX_LANGUAGE_STANDARD = "gnu++0x";
				CLANG_CXX_LIBRARY = "libc++";
				CLANG_ENABLE_MODULES = YES;
				CLANG_ENABLE_OBJC_ARC = YES;
				CLANG_WARN_BOOL_CONVERSION = YES;
				CLANG_WARN_CONSTANT_CONVERSION = YES;
				CLANG_WARN_DIRECT_OBJC_ISA_USAGE = YES_ERROR;
				CLANG_WARN_DOCUMENTATION_COMMENTS = YES;
				CLANG_WARN_EMPTY_BODY = YES;
				CLANG_WARN_ENUM_CONVERSION = YES;
				CLANG_WARN_INFINITE_RECURSION = YES;
				CLANG_WARN_INT_CONVERSION = YES;
				CLANG_WARN_OBJC_ROOT_CLASS = YES_ERROR;
				CLANG_WARN_SUSPICIOUS_MOVE = YES;
				CLANG_WARN_UNREACHABLE_CODE = YES;
				CLANG_WARN__DUPLICATE_METHOD_MATCH = YES;
				CODE_SIGN_IDENTITY = "iPhone Developer: shiv vaishnav (GZ989JSYX6)";
				"CODE_SIGN_IDENTITY[sdk=iphoneos*]" = "iPhone Developer: shiv vaishnav (GZ989JSYX6)";
				COPY_PHASE_STRIP = NO;
				DEBUG_INFORMATION_FORMAT = "dwarf-with-dsym";
				ENABLE_NS_ASSERTIONS = NO;
				ENABLE_STRICT_OBJC_MSGSEND = YES;
				GCC_C_LANGUAGE_STANDARD = gnu99;
				GCC_NO_COMMON_BLOCKS = YES;
				GCC_PREFIX_HEADER = /Users/monika/Documents/RealTimeLocation_POC_iOS/RealTimeLocationTrackingPrefixHeader.pch;
				GCC_WARN_64_TO_32_BIT_CONVERSION = YES;
				GCC_WARN_ABOUT_RETURN_TYPE = YES_ERROR;
				GCC_WARN_UNDECLARED_SELECTOR = YES;
				GCC_WARN_UNINITIALIZED_AUTOS = YES_AGGRESSIVE;
				GCC_WARN_UNUSED_FUNCTION = YES;
				GCC_WARN_UNUSED_VARIABLE = YES;
				IPHONEOS_DEPLOYMENT_TARGET = 10.2;
				MTL_ENABLE_DEBUG_INFO = NO;
				PROVISIONING_PROFILE = "9b632c28-d446-4fef-ba3d-7c5982609414";
				SDKROOT = iphoneos;
				TARGETED_DEVICE_FAMILY = "1,2";
				VALIDATE_PRODUCT = YES;
			};
			name = Release;
		};
		B782B72E1E52B9F400BA08B2 /* Debug */ = {
			isa = XCBuildConfiguration;
			baseConfigurationReference = 07BE8AC3B1643291B4F2075E /* Pods-RealTimeLocationTracking.debug.xcconfig */;
			buildSettings = {
				ASSETCATALOG_COMPILER_APPICON_NAME = AppIcon;
				CODE_SIGN_IDENTITY = "iPhone Developer: shiv vaishnav (GZ989JSYX6)";
				DEVELOPMENT_TEAM = T7GN63HCDX;
				INFOPLIST_FILE = RealTimeLocationTracking/Info.plist;
				IPHONEOS_DEPLOYMENT_TARGET = 8.0;
				LD_RUNPATH_SEARCH_PATHS = "$(inherited) @executable_path/Frameworks";
				PRODUCT_BUNDLE_IDENTIFIER = com.ranosys.RealTimeLocationTracking;
				PRODUCT_NAME = "$(TARGET_NAME)";
				PROVISIONING_PROFILE = "9b632c28-d446-4fef-ba3d-7c5982609414";
				PROVISIONING_PROFILE_SPECIFIER = "Common Ranosys Profile";
			};
			name = Debug;
		};
		B782B72F1E52B9F400BA08B2 /* Release */ = {
			isa = XCBuildConfiguration;
			baseConfigurationReference = C89D60522F102E3BA27CFBB5 /* Pods-RealTimeLocationTracking.release.xcconfig */;
			buildSettings = {
				ASSETCATALOG_COMPILER_APPICON_NAME = AppIcon;
				CODE_SIGN_IDENTITY = "iPhone Developer: shiv vaishnav (GZ989JSYX6)";
				DEVELOPMENT_TEAM = T7GN63HCDX;
				INFOPLIST_FILE = RealTimeLocationTracking/Info.plist;
				IPHONEOS_DEPLOYMENT_TARGET = 8.0;
				LD_RUNPATH_SEARCH_PATHS = "$(inherited) @executable_path/Frameworks";
				PRODUCT_BUNDLE_IDENTIFIER = com.ranosys.RealTimeLocationTracking;
				PRODUCT_NAME = "$(TARGET_NAME)";
				PROVISIONING_PROFILE = "9b632c28-d446-4fef-ba3d-7c5982609414";
				PROVISIONING_PROFILE_SPECIFIER = "Common Ranosys Profile";
			};
			name = Release;
		};
/* End XCBuildConfiguration section */

/* Begin XCConfigurationList section */
		B782B7111E52B9F300BA08B2 /* Build configuration list for PBXProject "RealTimeLocationTracking" */ = {
			isa = XCConfigurationList;
			buildConfigurations = (
				B782B72B1E52B9F400BA08B2 /* Debug */,
				B782B72C1E52B9F400BA08B2 /* Release */,
			);
			defaultConfigurationIsVisible = 0;
			defaultConfigurationName = Release;
		};
		B782B72D1E52B9F400BA08B2 /* Build configuration list for PBXNativeTarget "RealTimeLocationTracking" */ = {
			isa = XCConfigurationList;
			buildConfigurations = (
				B782B72E1E52B9F400BA08B2 /* Debug */,
				B782B72F1E52B9F400BA08B2 /* Release */,
			);
			defaultConfigurationIsVisible = 0;
			defaultConfigurationName = Release;
		};
/* End XCConfigurationList section */
	};
	rootObject = B782B70E1E52B9F300BA08B2 /* Project object */;
}
